
Microsoft Visual Studio Solution File, Format Version 12.00
# Visual Studio 2012
Project("{FAE04EC0-301F-11D3-BF4B-00C04F79EFBC}") = "StoreCalls", "StoreCalls\StoreCalls.csproj", "{9213E3FC-6545-4867-B117-89DF001C3977}"
EndProject
Global
	GlobalSection(SolutionConfigurationPlatforms) = preSolution
		Debug|Any CPU = Debug|Any CPU
		Release|Any CPU = Release|Any CPU
	EndGlobalSection
	GlobalSection(ProjectConfigurationPlatforms) = postSolution
		{9213E3FC-6545-4867-B117-89DF001C3977}.Debug|Any CPU.ActiveCfg = Debug|Any CPU
		{9213E3FC-6545-4867-B117-89DF001C3977}.Debug|Any CPU.Build.0 = Debug|Any CPU
		{9213E3FC-6545-4867-B117-89DF001C3977}.Release|Any CPU.ActiveCfg = Release|Any CPU
		{9213E3FC-6545-4867-B117-89DF001C3977}.Release|Any CPU.Build.0 = Release|Any CPU
	EndGlobalSection
	GlobalSection(SolutionProperties) = preSolution
		HideSolutionNode = FALSE
	EndGlobalSection
EndGlobal
